FORGE
  remote: http://forge.puppetlabs.com
  specs:
    puppetlabs/stdlib (4.1.0)

GIT
  remote: git://github.com/kickstandproject/kickstandproject-apache.git
  ref: master
  sha: 7dfd3eed26313a4f77809a2b219fae9eec66bbdd
  specs:
    kickstandproject/apache (0.0.1)

GIT
  remote: git://github.com/kickstandproject/kickstandproject-apt.git
  ref: master
  sha: 3c288d6596a684e6c6309025053931053dd4ebec
  specs:
    kickstandproject/apt (0.0.2)
      puppetlabs/stdlib (>= 2.2.0)

GIT
  remote: git://github.com/kickstandproject/kickstandproject-dhcp.git
  ref: master
  sha: ad95d9a53ed11fc54d86f9225c29a7cac16c5ada
  specs:
    kickstandproject/dhcp (0.0.1)
      puppetlabs/stdlib (>= 2.2.0)

GIT
  remote: git://github.com/kickstandproject/kickstandproject-git.git
  ref: master
  sha: e3248df3cbe1b0437e3a1c0b05ce30e1487dc716
  specs:
    kickstandproject/git (0.0.1)
      puppetlabs/stdlib (>= 2.2.0)

GIT
  remote: git://github.com/kickstandproject/kickstandproject-jenkins.git
  ref: master
  sha: cfc48eba10f6ddcb90e8d5b1c51cac79c5e201b5
  specs:
    kickstandproject/jenkins (0.0.3)
      puppetlabs/stdlib (>= 2.2.0)

GIT
  remote: git://github.com/kickstandproject/kickstandproject-jenkins_job_builder.git
  ref: master
  sha: bc47860f80e49dd607dfd245cc0caac44e77276d
  specs:
    kickstandproject/jenkins_job_builder (0.0.4)
      puppetlabs/stdlib (>= 2.2.0)

GIT
  remote: git://github.com/kickstandproject/kickstandproject-network.git
  ref: master
  sha: e8e5be28f019cc78023f8800b94c9118493e6ea0
  specs:
    kickstandproject/network (0.0.2)
      puppetlabs/stdlib (>= 2.2.0)

GIT
  remote: git://github.com/kickstandproject/kickstandproject-ntp.git
  ref: master
  sha: d91fcb63734495095cd4ecd9e0971a5ebb030483
  specs:
    kickstandproject/ntp (0.0.4)
      puppetlabs/stdlib (>= 2.2.0)

GIT
  remote: git://github.com/kickstandproject/kickstandproject-pbuilder.git
  ref: master
  sha: 71a8c94486d49ee78059ce973f9561dbc40f7e55
  specs:
    kickstandproject/pbuilder (0.0.1)
      puppetlabs/stdlib (>= 2.2.0)

GIT
  remote: git://github.com/kickstandproject/kickstandproject-puppet.git
  ref: master
  sha: 545c29b0872b049bc5d9e690248e23687415e161
  specs:
    kickstandproject/puppet (0.0.7)
      puppetlabs/stdlib (>= 2.2.0)

GIT
  remote: git://github.com/kickstandproject/kickstandproject-ssh.git
  ref: master
  sha: fea61df207c4a96a9138748a866951f5c21f8dc8
  specs:
    kickstandproject/ssh (0.0.4)
      puppetlabs/stdlib (>= 2.2.0)

GIT
  remote: git://github.com/kickstandproject/kickstandproject-sudoers.git
  ref: master
  sha: 48fb02b5404f45b06ed3cdfbc8a381ffac8f9841
  specs:
    kickstandproject/sudoers (0.0.2)
      puppetlabs/stdlib (>= 2.2.0)

GIT
  remote: git://github.com/kickstandproject/kickstandproject-timezone.git
  ref: master
  sha: e4e2be6c319deac5b35dd444c68f730b3eaf2bd8
  specs:
    kickstandproject/timezone (0.0.4)

GIT
  remote: git://github.com/openstack-infra/puppet-vcsrepo.git
  ref: master
  sha: 4c3e9b23c421425cbbe767ef8fd9373a345cc4b6
  specs:
    openstack-infra/vcsrepo (0.0.8)

GIT
  remote: git://github.com/puppetlabs/puppetlabs-mysql.git
  ref: 0.6.1
  sha: c8f9880aea3439c4e2f9fc0a6731c9bef344b3ee
  specs:
    puppetlabs/mysql (0.6.1)
      puppetlabs/stdlib (>= 2.2.1)

GIT
  remote: git://github.com/ripienaar/puppet-concat.git
  ref: master
  sha: afdda8622a16830f7f851077ba70915d61d35c6f
  specs:
    ripienaar/concat (1.0.0)
      puppetlabs/stdlib (>= 3.0.0)

DEPENDENCIES
  kickstandproject/apache (>= 0)
  kickstandproject/apt (>= 0)
  kickstandproject/dhcp (>= 0)
  kickstandproject/git (>= 0)
  kickstandproject/jenkins (>= 0)
  kickstandproject/jenkins_job_builder (>= 0)
  kickstandproject/network (>= 0)
  kickstandproject/ntp (>= 0)
  kickstandproject/pbuilder (>= 0)
  kickstandproject/puppet (>= 0)
  kickstandproject/ssh (>= 0)
  kickstandproject/sudoers (>= 0)
  kickstandproject/timezone (>= 0)
  openstack-infra/vcsrepo (>= 0)
  puppetlabs/mysql (>= 0)
  ripienaar/concat (>= 0)

